{
  "version": 4,
  "terraform_version": "0.13.3",
  "serial": 1,
  "lineage": "c6b019e6-c76c-4132-8571-b16707c15b14",
  "outputs": {},
  "resources": [
    {
      "mode": "managed",
      "type": "local_file",
      "name": "reverse-flash",
      "provider": "provider[\"registry.terraform.io/hashicorp/local\"]",
      "instances": [
        {
          "schema_version": 0,
          "attributes": {
            "content": "reverse-flash",
            "content_base64": null,
            "directory_permission": "0777",
            "file_permission": "0777",
            "filename": "/root/reverse-flash",
            "id": "eebf1b0eee8ccea695bf7925def3d540801e16c7",
            "sensitive_content": null,
            "source": null
          },
          "private": "bnVsbA=="
        }
      ]
    },
    {
      "mode": "managed",
      "type": "local_file",
      "name": "riddler",
      "provider": "provider[\"registry.terraform.io/hashicorp/local\"]",
      "instances": [
        {
          "schema_version": 0,
          "attributes": {
            "content": "riddler",
            "content_base64": null,
            "directory_permission": "0777",
            "file_permission": "0777",
            "filename": "/root/riddler",
            "id": "4a99c9eed6c660f5874cc2505558d5abf940a498",
            "sensitive_content": null,
            "source": null
          },
          "private": "bnVsbA=="
        }
      ]
    },
    {
      "mode": "managed",
      "type": "local_file",
      "name": "speed_force",
      "provider": "provider[\"registry.terraform.io/hashicorp/local\"]",
      "instances": [
        {
          "schema_version": 0,
          "attributes": {
            "content": "speed-force",
            "content_base64": null,
            "directory_permission": "0777",
            "file_permission": "0777",
            "filename": "/root/speed-force",
            "id": "ebeb8b595c8eb4a6e81cacf244146e742fab2981",
            "sensitive_content": null,
            "source": null
          },
          "private": "bnVsbA=="
        }
      ]
    },
    {
      "mode": "managed",
      "type": "local_file",
      "name": "zoom",
      "provider": "provider[\"registry.terraform.io/hashicorp/local\"]",
      "instances": [
        {
          "schema_version": 0,
          "attributes": {
            "content": "zoom",
            "content_base64": null,
            "directory_permission": "0777",
            "file_permission": "0777",
            "filename": "/root/zoom",
            "id": "92298812107bb17eff1b85e15547ae13b6fee3a1",
            "sensitive_content": null,
            "source": null
          },
          "private": "bnVsbA=="
        }
      ]
    }
  ]
}
